
Microsoft Visual Studio Solution File, Format Version 12.00
# Visual Studio 15
VisualStudioVersion = 15.0.28010.2036
MinimumVisualStudioVersion = 10.0.40219.1
Project("{FAE04EC0-301F-11D3-BF4B-00C04F79EFBC}") = "EFGetStarted.AspNetCore.ExistingDb", "EFGetStarted.AspNetCore.ExistingDb\EFGetStarted.AspNetCore.ExistingDb.csproj", "{D29A4FA2-6073-46EA-BCC4-D95373E1B955}"
EndProject
Global
	GlobalSection(SolutionConfigurationPlatforms) = preSolution
		Debug|Any CPU = Debug|Any CPU
		Release|Any CPU = Release|Any CPU
	EndGlobalSection
	GlobalSection(ProjectConfigurationPlatforms) = postSolution
		{D29A4FA2-6073-46EA-BCC4-D95373E1B955}.Debug|Any CPU.ActiveCfg = Debug|Any CPU
		{D29A4FA2-6073-46EA-BCC4-D95373E1B955}.Debug|Any CPU.Build.0 = Debug|Any CPU
		{D29A4FA2-6073-46EA-BCC4-D95373E1B955}.Release|Any CPU.ActiveCfg = Release|Any CPU
		{D29A4FA2-6073-46EA-BCC4-D95373E1B955}.Release|Any CPU.Build.0 = Release|Any CPU
	EndGlobalSection
	GlobalSection(SolutionProperties) = preSolution
		HideSolutionNode = FALSE
	EndGlobalSection
	GlobalSection(ExtensibilityGlobals) = postSolution
		SolutionGuid = {5BE7E8FB-7A5E-4535-89FF-C1C3C78EE141}
	EndGlobalSection
EndGlobal
